
Microsoft Visual Studio Solution File, Format Version 12.00
# Visual Studio Version 16
VisualStudioVersion = 16.0.31019.35
MinimumVisualStudioVersion = 10.0.40219.1
Project("{FAE04EC0-301F-11D3-BF4B-00C04F79EFBC}") = "NguyenThiMyAnh_5951071001", "NguyenThiMyAnh_5951071001\NguyenThiMyAnh_5951071001.csproj", "{B4EFF893-E441-4FE4-81C1-5FF2A2A53972}"
EndProject
Global
	GlobalSection(SolutionConfigurationPlatforms) = preSolution
		Debug|Any CPU = Debug|Any CPU
		Release|Any CPU = Release|Any CPU
	EndGlobalSection
	GlobalSection(ProjectConfigurationPlatforms) = postSolution
		{B4EFF893-E441-4FE4-81C1-5FF2A2A53972}.Debug|Any CPU.ActiveCfg = Debug|Any CPU
		{B4EFF893-E441-4FE4-81C1-5FF2A2A53972}.Debug|Any CPU.Build.0 = Debug|Any CPU
		{B4EFF893-E441-4FE4-81C1-5FF2A2A53972}.Release|Any CPU.ActiveCfg = Release|Any CPU
		{B4EFF893-E441-4FE4-81C1-5FF2A2A53972}.Release|Any CPU.Build.0 = Release|Any CPU
	EndGlobalSection
	GlobalSection(SolutionProperties) = preSolution
		HideSolutionNode = FALSE
	EndGlobalSection
	GlobalSection(ExtensibilityGlobals) = postSolution
		SolutionGuid = {975849FB-E31D-43FE-B09A-A26E121488B0}
	EndGlobalSection
EndGlobal
